// !$*UTF8*$!
{
	archiveVersion = 1;
	classes = {
	};
	objectVersion = 46;
	objects = {

/* Begin PBXBuildFile section */
		0F311E8F1BE1B50300C336D9 /* main.m in Sources */ = {isa = PBXBuildFile; fileRef = 0F311E8E1BE1B50300C336D9 /* main.m */; };
		0F311E921BE1B50300C336D9 /* AppDelegate.m in Sources */ = {isa = PBXBuildFile; fileRef = 0F311E911BE1B50300C336D9 /* AppDelegate.m */; };
		0F311E951BE1B50300C336D9 /* ViewController.m in Sources */ = {isa = PBXBuildFile; fileRef = 0F311E941BE1B50300C336D9 /* ViewController.m */; };
		0F311E981BE1B50300C336D9 /* Main.storyboard in Resources */ = {isa = PBXBuildFile; fileRef = 0F311E961BE1B50300C336D9 /* Main.storyboard */; };
		0F311E9A1BE1B50300C336D9 /* Assets.xcassets in Resources */ = {isa = PBXBuildFile; fileRef = 0F311E991BE1B50300C336D9 /* Assets.xcassets */; };
		0F311E9D1BE1B50300C336D9 /* LaunchScreen.storyboard in Resources */ = {isa = PBXBuildFile; fileRef = 0F311E9B1BE1B50300C336D9 /* LaunchScreen.storyboard */; };
		0F311EA81BE1B50300C336D9 /* MMeiTuanTests.m in Sources */ = {isa = PBXBuildFile; fileRef = 0F311EA71BE1B50300C336D9 /* MMeiTuanTests.m */; };
		0F311EB31BE1B50300C336D9 /* MMeiTuanUITests.m in Sources */ = {isa = PBXBuildFile; fileRef = 0F311EB21BE1B50300C336D9 /* MMeiTuanUITests.m */; };
/* End PBXBuildFile section */

/* Begin PBXContainerItemProxy section */
		0F311EA41BE1B50300C336D9 /* PBXContainerItemProxy */ = {
			isa = PBXContainerItemProxy;
			containerPortal = 0F311E821BE1B50300C336D9 /* Project object */;
			proxyType = 1;
			remoteGlobalIDString = 0F311E891BE1B50300C336D9;
			remoteInfo = MMeiTuan;
		};
		0F311EAF1BE1B50300C336D9 /* PBXContainerItemProxy */ = {
			isa = PBXContainerItemProxy;
			containerPortal = 0F311E821BE1B50300C336D9 /* Project object */;
			proxyType = 1;
			remoteGlobalIDString = 0F311E891BE1B50300C336D9;
			remoteInfo = MMeiTuan;
		};
/* End PBXContainerItemProxy section */

/* Begin PBXFileReference section */
		0F311E8A1BE1B50300C336D9 /* MMeiTuan.app */ = {isa = PBXFileReference; explicitFileType = wrapper.application; includeInIndex = 0; path = MMeiTuan.app; sourceTree = BUILT_PRODUCTS_DIR; };
		0F311E8E1BE1B50300C336D9 /* main.m */ = {isa = PBXFileReference; lastKnownFileType = sourcecode.c.objc; path = main.m; sourceTree = "<group>"; };
		0F311E901BE1B50300C336D9 /* AppDelegate.h */ = {isa = PBXFileReference; lastKnownFileType = sourcecode.c.h; path = AppDelegate.h; sourceTree = "<group>"; };
		0F311E911BE1B50300C336D9 /* AppDelegate.m */ = {isa = PBXFileReference; lastKnownFileType = sourcecode.c.objc; path = AppDelegate.m; sourceTree = "<group>"; };
		0F311E931BE1B50300C336D9 /* ViewController.h */ = {isa = PBXFileReference; lastKnownFileType = sourcecode.c.h; path = ViewController.h; sourceTree = "<group>"; };
		0F311E941BE1B50300C336D9 /* ViewController.m */ = {isa = PBXFileReference; lastKnownFileType = sourcecode.c.objc; path = ViewController.m; sourceTree = "<group>"; };
		0F311E971BE1B50300C336D9 /* Base */ = {isa = PBXFileReference; lastKnownFileType = file.storyboard; name = Base; path = Base.lproj/Main.storyboard; sourceTree = "<group>"; };
		0F311E991BE1B50300C336D9 /* Assets.xcassets */ = {isa = PBXFileReference; lastKnownFileType = folder.assetcatalog; path = Assets.xcassets; sourceTree = "<group>"; };
		0F311E9C1BE1B50300C336D9 /* Base */ = {isa = PBXFileReference; lastKnownFileType = file.storyboard; name = Base; path = Base.lproj/LaunchScreen.storyboard; sourceTree = "<group>"; };
		0F311E9E1BE1B50300C336D9 /* Info.plist */ = {isa = PBXFileReference; lastKnownFileType = text.plist.xml; path = Info.plist; sourceTree = "<group>"; };
		0F311EA31BE1B50300C336D9 /* MMeiTuanTests.xctest */ = {isa = PBXFileReference; explicitFileType = wrapper.cfbundle; includeInIndex = 0; path = MMeiTuanTests.xctest; sourceTree = BUILT_PRODUCTS_DIR; };
		0F311EA71BE1B50300C336D9 /* MMeiTuanTests.m */ = {isa = PBXFileReference; lastKnownFileType = sourcecode.c.objc; path = MMeiTuanTests.m; sourceTree = "<group>"; };
		0F311EA91BE1B50300C336D9 /* Info.plist */ = {isa = PBXFileReference; lastKnownFileType = text.plist.xml; path = Info.plist; sourceTree = "<group>"; };
		0F311EAE1BE1B50300C336D9 /* MMeiTuanUITests.xctest */ = {isa = PBXFileReference; explicitFileType = wrapper.cfbundle; includeInIndex = 0; path = MMeiTuanUITests.xctest; sourceTree = BUILT_PRODUCTS_DIR; };
		0F311EB21BE1B50300C336D9 /* MMeiTuanUITests.m */ = {isa = PBXFileReference; lastKnownFileType = sourcecode.c.objc; path = MMeiTuanUITests.m; sourceTree = "<group>"; };
		0F311EB41BE1B50300C336D9 /* Info.plist */ = {isa = PBXFileReference; lastKnownFileType = text.plist.xml; path = Info.plist; sourceTree = "<group>"; };
/* End PBXFileReference section */

/* Begin PBXFrameworksBuildPhase section */
		0F311E871BE1B50300C336D9 /* Frameworks */ = {
			isa = PBXFrameworksBuildPhase;
			buildActionMask = 2147483647;
			files = (
			);
			runOnlyForDeploymentPostprocessing = 0;
		};
		0F311EA01BE1B50300C336D9 /* Frameworks */ = {
			isa = PBXFrameworksBuildPhase;
			buildActionMask = 2147483647;
			files = (
			);
			runOnlyForDeploymentPostprocessing = 0;
		};
		0F311EAB1BE1B50300C336D9 /* Frameworks */ = {
			isa = PBXFrameworksBuildPhase;
			buildActionMask = 2147483647;
			files = (
			);
			runOnlyForDeploymentPostprocessing = 0;
		};
/* End PBXFrameworksBuildPhase section */

/* Begin PBXGroup section */
		0F311E811BE1B50300C336D9 = {
			isa = PBXGroup;
			children = (
				0F311E8C1BE1B50300C336D9 /* MMeiTuan */,
				0F311EA61BE1B50300C336D9 /* MMeiTuanTests */,
				0F311EB11BE1B50300C336D9 /* MMeiTuanUITests */,
				0F311E8B1BE1B50300C336D9 /* Products */,
			);
			sourceTree = "<group>";
		};
		0F311E8B1BE1B50300C336D9 /* Products */ = {
			isa = PBXGroup;
			children = (
				0F311E8A1BE1B50300C336D9 /* MMeiTuan.app */,
				0F311EA31BE1B50300C336D9 /* MMeiTuanTests.xctest */,
				0F311EAE1BE1B50300C336D9 /* MMeiTuanUITests.xctest */,
			);
			name = Products;
			sourceTree = "<group>";
		};
		0F311E8C1BE1B50300C336D9 /* MMeiTuan */ = {
			isa = PBXGroup;
			children = (
				0F311E901BE1B50300C336D9 /* AppDelegate.h */,
				0F311E911BE1B50300C336D9 /* AppDelegate.m */,
				0F311E931BE1B50300C336D9 /* ViewController.h */,
				0F311E941BE1B50300C336D9 /* ViewController.m */,
				0F311E961BE1B50300C336D9 /* Main.storyboard */,
				0F311E991BE1B50300C336D9 /* Assets.xcassets */,
				0F311E9B1BE1B50300C336D9 /* LaunchScreen.storyboard */,
				0F311E9E1BE1B50300C336D9 /* Info.plist */,
				0F311E8D1BE1B50300C336D9 /* Supporting Files */,
			);
			path = MMeiTuan;
			sourceTree = "<group>";
		};
		0F311E8D1BE1B50300C336D9 /* Supporting Files */ = {
			isa = PBXGroup;
			children = (
				0F311E8E1BE1B50300C336D9 /* main.m */,
			);
			name = "Supporting Files";
			sourceTree = "<group>";
		};
		0F311EA61BE1B50300C336D9 /* MMeiTuanTests */ = {
			isa = PBXGroup;
			children = (
				0F311EA71BE1B50300C336D9 /* MMeiTuanTests.m */,
				0F311EA91BE1B50300C336D9 /* Info.plist */,
			);
			path = MMeiTuanTests;
			sourceTree = "<group>";
		};
		0F311EB11BE1B50300C336D9 /* MMeiTuanUITests */ = {
			isa = PBXGroup;
			children = (
				0F311EB21BE1B50300C336D9 /* MMeiTuanUITests.m */,
				0F311EB41BE1B50300C336D9 /* Info.plist */,
			);
			path = MMeiTuanUITests;
			sourceTree = "<group>";
		};
/* End PBXGroup section */

/* Begin PBXNativeTarget section */
		0F311E891BE1B50300C336D9 /* MMeiTuan */ = {
			isa = PBXNativeTarget;
			buildConfigurationList = 0F311EB71BE1B50300C336D9 /* Build configuration list for PBXNativeTarget "MMeiTuan" */;
			buildPhases = (
				0F311E861BE1B50300C336D9 /* Sources */,
				0F311E871BE1B50300C336D9 /* Frameworks */,
				0F311E881BE1B50300C336D9 /* Resources */,
			);
			buildRules = (
			);
			dependencies = (
			);
			name = MMeiTuan;
			productName = MMeiTuan;
			productReference = 0F311E8A1BE1B50300C336D9 /* MMeiTuan.app */;
			productType = "com.apple.product-type.application";
		};
		0F311EA21BE1B50300C336D9 /* MMeiTuanTests */ = {
			isa = PBXNativeTarget;
			buildConfigurationList = 0F311EBA1BE1B50300C336D9 /* Build configuration list for PBXNativeTarget "MMeiTuanTests" */;
			buildPhases = (
				0F311E9F1BE1B50300C336D9 /* Sources */,
				0F311EA01BE1B50300C336D9 /* Frameworks */,
				0F311EA11BE1B50300C336D9 /* Resources */,
			);
			buildRules = (
			);
			dependencies = (
				0F311EA51BE1B50300C336D9 /* PBXTargetDependency */,
			);
			name = MMeiTuanTests;
			productName = MMeiTuanTests;
			productReference = 0F311EA31BE1B50300C336D9 /* MMeiTuanTests.xctest */;
			productType = "com.apple.product-type.bundle.unit-test";
		};
		0F311EAD1BE1B50300C336D9 /* MMeiTuanUITests */ = {
			isa = PBXNativeTarget;
			buildConfigurationList = 0F311EBD1BE1B50300C336D9 /* Build configuration list for PBXNativeTarget "MMeiTuanUITests" */;
			buildPhases = (
				0F311EAA1BE1B50300C336D9 /* Sources */,
				0F311EAB1BE1B50300C336D9 /* Frameworks */,
				0F311EAC1BE1B50300C336D9 /* Resources */,
			);
			buildRules = (
			);
			dependencies = (
				0F311EB01BE1B50300C336D9 /* PBXTargetDependency */,
			);
			name = MMeiTuanUITests;
			productName = MMeiTuanUITests;
			productReference = 0F311EAE1BE1B50300C336D9 /* MMeiTuanUITests.xctest */;
			productType = "com.apple.product-type.bundle.ui-testing";
		};
/* End PBXNativeTarget section */

/* Begin PBXProject section */
		0F311E821BE1B50300C336D9 /* Project object */ = {
			isa = PBXProject;
			attributes = {
				LastUpgradeCheck = 0710;
				ORGANIZATIONNAME = zhr;
				TargetAttributes = {
					0F311E891BE1B50300C336D9 = {
						CreatedOnToolsVersion = 7.1;
					};
					0F311EA21BE1B50300C336D9 = {
						CreatedOnToolsVersion = 7.1;
						TestTargetID = 0F311E891BE1B50300C336D9;
					};
					0F311EAD1BE1B50300C336D9 = {
						CreatedOnToolsVersion = 7.1;
						TestTargetID = 0F311E891BE1B50300C336D9;
					};
				};
			};
			buildConfigurationList = 0F311E851BE1B50300C336D9 /* Build configuration list for PBXProject "MMeiTuan" */;
			compatibilityVersion = "Xcode 3.2";
			developmentRegion = English;
			hasScannedForEncodings = 0;
			knownRegions = (
				en,
				Base,
			);
			mainGroup = 0F311E811BE1B50300C336D9;
			productRefGroup = 0F311E8B1BE1B50300C336D9 /* Products */;
			projectDirPath = "";
			projectRoot = "";
			targets = (
				0F311E891BE1B50300C336D9 /* MMeiTuan */,
				0F311EA21BE1B50300C336D9 /* MMeiTuanTests */,
				0F311EAD1BE1B50300C336D9 /* MMeiTuanUITests */,
			);
		};
/* End PBXProject section */

/* Begin PBXResourcesBuildPhase section */
		0F311E881BE1B50300C336D9 /* Resources */ = {
			isa = PBXResourcesBuildPhase;
			buildActionMask = 2147483647;
			files = (
				0F311E9D1BE1B50300C336D9 /* LaunchScreen.storyboard in Resources */,
				0F311E9A1BE1B50300C336D9 /* Assets.xcassets in Resources */,
				0F311E981BE1B50300C336D9 /* Main.storyboard in Resources */,
			);
			runOnlyForDeploymentPostprocessing = 0;
		};
		0F311EA11BE1B50300C336D9 /* Resources */ = {
			isa = PBXResourcesBuildPhase;
			buildActionMask = 2147483647;
			files = (
			);
			runOnlyForDeploymentPostprocessing = 0;
		};
		0F311EAC1BE1B50300C336D9 /* Resources */ = {
			isa = PBXResourcesBuildPhase;
			buildActionMask = 2147483647;
			files = (
			);
			runOnlyForDeploymentPostprocessing = 0;
		};
/* End PBXResourcesBuildPhase section */

/* Begin PBXSourcesBuildPhase section */
		0F311E861BE1B50300C336D9 /* Sources */ = {
			isa = PBXSourcesBuildPhase;
			buildActionMask = 2147483647;
			files = (
				0F311E951BE1B50300C336D9 /* ViewController.m in Sources */,
				0F311E921BE1B50300C336D9 /* AppDelegate.m in Sources */,
				0F311E8F1BE1B50300C336D9 /* main.m in Sources */,
			);
			runOnlyForDeploymentPostprocessing = 0;
		};
		0F311E9F1BE1B50300C336D9 /* Sources */ = {
			isa = PBXSourcesBuildPhase;
			buildActionMask = 2147483647;
			files = (
				0F311EA81BE1B50300C336D9 /* MMeiTuanTests.m in Sources */,
			);
			runOnlyForDeploymentPostprocessing = 0;
		};
		0F311EAA1BE1B50300C336D9 /* Sources */ = {
			isa = PBXSourcesBuildPhase;
			buildActionMask = 2147483647;
			files = (
				0F311EB31BE1B50300C336D9 /* MMeiTuanUITests.m in Sources */,
			);
			runOnlyForDeploymentPostprocessing = 0;
		};
/* End PBXSourcesBuildPhase section */

/* Begin PBXTargetDependency section */
		0F311EA51BE1B50300C336D9 /* PBXTargetDependency */ = {
			isa = PBXTargetDependency;
			target = 0F311E891BE1B50300C336D9 /* MMeiTuan */;
			targetProxy = 0F311EA41BE1B50300C336D9 /* PBXContainerItemProxy */;
		};
		0F311EB01BE1B50300C336D9 /* PBXTargetDependency */ = {
			isa = PBXTargetDependency;
			target = 0F311E891BE1B50300C336D9 /* MMeiTuan */;
			targetProxy = 0F311EAF1BE1B50300C336D9 /* PBXContainerItemProxy */;
		};
/* End PBXTargetDependency section */

/* Begin PBXVariantGroup section */
		0F311E961BE1B50300C336D9 /* Main.storyboard */ = {
			isa = PBXVariantGroup;
			children = (
				0F311E971BE1B50300C336D9 /* Base */,
			);
			name = Main.storyboard;
			sourceTree = "<group>";
		};
		0F311E9B1BE1B50300C336D9 /* LaunchScreen.storyboard */ = {
			isa = PBXVariantGroup;
			children = (
				0F311E9C1BE1B50300C336D9 /* Base */,
			);
			name = LaunchScreen.storyboard;
			sourceTree = "<group>";
		};
/* End PBXVariantGroup section */

/* Begin XCBuildConfiguration section */
		0F311EB51BE1B50300C336D9 /* Debug */ = {
			isa = XCBuildConfiguration;
			buildSettings = {
				ALWAYS_SEARCH_USER_PATHS = NO;
				CLANG_CXX_LANGUAGE_STANDARD = "gnu++0x";
				CLANG_CXX_LIBRARY = "libc++";
				CLANG_ENABLE_MODULES = YES;
				CLANG_ENABLE_OBJC_ARC = YES;
				CLANG_WARN_BOOL_CONVERSION = YES;
				CLANG_WARN_CONSTANT_CONVERSION = YES;
				CLANG_WARN_DIRECT_OBJC_ISA_USAGE = YES_ERROR;
				CLANG_WARN_EMPTY_BODY = YES;
				CLANG_WARN_ENUM_CONVERSION = YES;
				CLANG_WARN_INT_CONVERSION = YES;
				CLANG_WARN_OBJC_ROOT_CLASS = YES_ERROR;
				CLANG_WARN_UNREACHABLE_CODE = YES;
				CLANG_WARN__DUPLICATE_METHOD_MATCH = YES;
				"CODE_SIGN_IDENTITY[sdk=iphoneos*]" = "iPhone Developer";
				COPY_PHASE_STRIP = NO;
				DEBUG_INFORMATION_FORMAT = dwarf;
				ENABLE_STRICT_OBJC_MSGSEND = YES;
				ENABLE_TESTABILITY = YES;
				GCC_C_LANGUAGE_STANDARD = gnu99;
				GCC_DYNAMIC_NO_PIC = NO;
				GCC_NO_COMMON_BLOCKS = YES;
				GCC_OPTIMIZATION_LEVEL = 0;
				GCC_PREPROCESSOR_DEFINITIONS = (
					"DEBUG=1",
					"$(inherited)",
				);
				GCC_WARN_64_TO_32_BIT_CONVERSION = YES;
				GCC_WARN_ABOUT_RETURN_TYPE = YES_ERROR;
				GCC_WARN_UNDECLARED_SELECTOR = YES;
				GCC_WARN_UNINITIALIZED_AUTOS = YES_AGGRESSIVE;
				GCC_WARN_UNUSED_FUNCTION = YES;
				GCC_WARN_UNUSED_VARIABLE = YES;
				IPHONEOS_DEPLOYMENT_TARGET = 9.1;
				MTL_ENABLE_DEBUG_INFO = YES;
				ONLY_ACTIVE_ARCH = YES;
				SDKROOT = iphoneos;
			};
			name = Debug;
		};
		0F311EB61BE1B50300C336D9 /* Release */ = {
			isa = XCBuildConfiguration;
			buildSettings = {
				ALWAYS_SEARCH_USER_PATHS = NO;
				CLANG_CXX_LANGUAGE_STANDARD = "gnu++0x";
				CLANG_CXX_LIBRARY = "libc++";
				CLANG_ENABLE_MODULES = YES;
				CLANG_ENABLE_OBJC_ARC = YES;
				CLANG_WARN_BOOL_CONVERSION = YES;
				CLANG_WARN_CONSTANT_CONVERSION = YES;
				CLANG_WARN_DIRECT_OBJC_ISA_USAGE = YES_ERROR;
				CLANG_WARN_EMPTY_BODY = YES;
				CLANG_WARN_ENUM_CONVERSION = YES;
				CLANG_WARN_INT_CONVERSION = YES;
				CLANG_WARN_OBJC_ROOT_CLASS = YES_ERROR;
				CLANG_WARN_UNREACHABLE_CODE = YES;
				CLANG_WARN__DUPLICATE_METHOD_MATCH = YES;
				"CODE_SIGN_IDENTITY[sdk=iphoneos*]" = "iPhone Developer";
				COPY_PHASE_STRIP = NO;
				DEBUG_INFORMATION_FORMAT = "dwarf-with-dsym";
				ENABLE_NS_ASSERTIONS = NO;
				ENABLE_STRICT_OBJC_MSGSEND = YES;
				GCC_C_LANGUAGE_STANDARD = gnu99;
				GCC_NO_COMMON_BLOCKS = YES;
				GCC_WARN_64_TO_32_BIT_CONVERSION = YES;
				GCC_WARN_ABOUT_RETURN_TYPE = YES_ERROR;
				GCC_WARN_UNDECLARED_SELECTOR = YES;
				GCC_WARN_UNINITIALIZED_AUTOS = YES_AGGRESSIVE;
				GCC_WARN_UNUSED_FUNCTION = YES;
				GCC_WARN_UNUSED_VARIABLE = YES;
				IPHONEOS_DEPLOYMENT_TARGET = 9.1;
				MTL_ENABLE_DEBUG_INFO = NO;
				SDKROOT = iphoneos;
				VALIDATE_PRODUCT = YES;
			};
			name = Release;
		};
		0F311EB81BE1B50300C336D9 /* Debug */ = {
			isa = XCBuildConfiguration;
			buildSettings = {
				ASSETCATALOG_COMPILER_APPICON_NAME = AppIcon;
				INFOPLIST_FILE = MMeiTuan/Info.plist;
				LD_RUNPATH_SEARCH_PATHS = "$(inherited) @executable_path/Frameworks";
				PRODUCT_BUNDLE_IDENTIFIER = com.qida.MMeiTuan;
				PRODUCT_NAME = "$(TARGET_NAME)";
			};
			name = Debug;
		};
		0F311EB91BE1B50300C336D9 /* Release */ = {
			isa = XCBuildConfiguration;
			buildSettings = {
				ASSETCATALOG_COMPILER_APPICON_NAME = AppIcon;
				INFOPLIST_FILE = MMeiTuan/Info.plist;
				LD_RUNPATH_SEARCH_PATHS = "$(inherited) @executable_path/Frameworks";
				PRODUCT_BUNDLE_IDENTIFIER = com.qida.MMeiTuan;
				PRODUCT_NAME = "$(TARGET_NAME)";
			};
			name = Release;
		};
		0F311EBB1BE1B50300C336D9 /* Debug */ = {
			isa = XCBuildConfiguration;
			buildSettings = {
				BUNDLE_LOADER = "$(TEST_HOST)";
				INFOPLIST_FILE = MMeiTuanTests/Info.plist;
				LD_RUNPATH_SEARCH_PATHS = "$(inherited) @executable_path/Frameworks @loader_path/Frameworks";
				PRODUCT_BUNDLE_IDENTIFIER = com.qida.MMeiTuanTests;
				PRODUCT_NAME = "$(TARGET_NAME)";
				TEST_HOST = "$(BUILT_PRODUCTS_DIR)/MMeiTuan.app/MMeiTuan";
			};
			name = Debug;
		};
		0F311EBC1BE1B50300C336D9 /* Release */ = {
			isa = XCBuildConfiguration;
			buildSettings = {
				BUNDLE_LOADER = "$(TEST_HOST)";
				INFOPLIST_FILE = MMeiTuanTests/Info.plist;
				LD_RUNPATH_SEARCH_PATHS = "$(inherited) @executable_path/Frameworks @loader_path/Frameworks";
				PRODUCT_BUNDLE_IDENTIFIER = com.qida.MMeiTuanTests;
				PRODUCT_NAME = "$(TARGET_NAME)";
				TEST_HOST = "$(BUILT_PRODUCTS_DIR)/MMeiTuan.app/MMeiTuan";
			};
			name = Release;
		};
		0F311EBE1BE1B50300C336D9 /* Debug */ = {
			isa = XCBuildConfiguration;
			buildSettings = {
				INFOPLIST_FILE = MMeiTuanUITests/Info.plist;
				LD_RUNPATH_SEARCH_PATHS = "$(inherited) @executable_path/Frameworks @loader_path/Frameworks";
				PRODUCT_BUNDLE_IDENTIFIER = com.qida.MMeiTuanUITests;
				PRODUCT_NAME = "$(TARGET_NAME)";
				TEST_TARGET_NAME = MMeiTuan;
				USES_XCTRUNNER = YES;
			};
			name = Debug;
		};
		0F311EBF1BE1B50300C336D9 /* Release */ = {
			isa = XCBuildConfiguration;
			buildSettings = {
				INFOPLIST_FILE = MMeiTuanUITests/Info.plist;
				LD_RUNPATH_SEARCH_PATHS = "$(inherited) @executable_path/Frameworks @loader_path/Frameworks";
				PRODUCT_BUNDLE_IDENTIFIER = com.qida.MMeiTuanUITests;
				PRODUCT_NAME = "$(TARGET_NAME)";
				TEST_TARGET_NAME = MMeiTuan;
				USES_XCTRUNNER = YES;
			};
			name = Release;
		};
/* End XCBuildConfiguration section */

/* Begin XCConfigurationList section */
		0F311E851BE1B50300C336D9 /* Build configuration list for PBXProject "MMeiTuan" */ = {
			isa = XCConfigurationList;
			buildConfigurations = (
				0F311EB51BE1B50300C336D9 /* Debug */,
				0F311EB61BE1B50300C336D9 /* Release */,
			);
			defaultConfigurationIsVisible = 0;
			defaultConfigurationName = Release;
		};
		0F311EB71BE1B50300C336D9 /* Build configuration list for PBXNativeTarget "MMeiTuan" */ = {
			isa = XCConfigurationList;
			buildConfigurations = (
				0F311EB81BE1B50300C336D9 /* Debug */,
				0F311EB91BE1B50300C336D9 /* Release */,
			);
			defaultConfigurationIsVisible = 0;
		};
		0F311EBA1BE1B50300C336D9 /* Build configuration list for PBXNativeTarget "MMeiTuanTests" */ = {
			isa = XCConfigurationList;
			buildConfigurations = (
				0F311EBB1BE1B50300C336D9 /* Debug */,
				0F311EBC1BE1B50300C336D9 /* Release */,
			);
			defaultConfigurationIsVisible = 0;
		};
		0F311EBD1BE1B50300C336D9 /* Build configuration list for PBXNativeTarget "MMeiTuanUITests" */ = {
			isa = XCConfigurationList;
			buildConfigurations = (
				0F311EBE1BE1B50300C336D9 /* Debug */,
				0F311EBF1BE1B50300C336D9 /* Release */,
			);
			defaultConfigurationIsVisible = 0;
		};
/* End XCConfigurationList section */
	};
	rootObject = 0F311E821BE1B50300C336D9 /* Project object */;
}
